
Microsoft Visual Studio Solution File, Format Version 12.00
# Visual Studio Version 17
VisualStudioVersion = 17.8.34525.116
MinimumVisualStudioVersion = 10.0.40219.1
Project("{FAE04EC0-301F-11D3-BF4B-00C04F79EFBC}") = "CrudMVCForm", "CrudMVCForm\CrudMVCForm.csproj", "{1770A0A1-DA34-436D-8844-7C7087AA54B0}"
EndProject
Global
	GlobalSection(SolutionConfigurationPlatforms) = preSolution
		Debug|Any CPU = Debug|Any CPU
		Release|Any CPU = Release|Any CPU
	EndGlobalSection
	GlobalSection(ProjectConfigurationPlatforms) = postSolution
		{1770A0A1-DA34-436D-8844-7C7087AA54B0}.Debug|Any CPU.ActiveCfg = Debug|Any CPU
		{1770A0A1-DA34-436D-8844-7C7087AA54B0}.Debug|Any CPU.Build.0 = Debug|Any CPU
		{1770A0A1-DA34-436D-8844-7C7087AA54B0}.Release|Any CPU.ActiveCfg = Release|Any CPU
		{1770A0A1-DA34-436D-8844-7C7087AA54B0}.Release|Any CPU.Build.0 = Release|Any CPU
	EndGlobalSection
	GlobalSection(SolutionProperties) = preSolution
		HideSolutionNode = FALSE
	EndGlobalSection
	GlobalSection(ExtensibilityGlobals) = postSolution
		SolutionGuid = {1A8A856A-D265-43D5-853E-D75496B06A68}
	EndGlobalSection
EndGlobal
