
Microsoft Visual Studio Solution File, Format Version 12.00
# Visual Studio Version 17
VisualStudioVersion = 17.8.34525.116
MinimumVisualStudioVersion = 10.0.40219.1
Project("{FAE04EC0-301F-11D3-BF4B-00C04F79EFBC}") = "DesktopForm", "DesktopForm\DesktopForm.csproj", "{79D74839-3222-444D-886A-656157248CC0}"
EndProject
Global
	GlobalSection(SolutionConfigurationPlatforms) = preSolution
		Debug|Any CPU = Debug|Any CPU
		Release|Any CPU = Release|Any CPU
	EndGlobalSection
	GlobalSection(ProjectConfigurationPlatforms) = postSolution
		{79D74839-3222-444D-886A-656157248CC0}.Debug|Any CPU.ActiveCfg = Debug|Any CPU
		{79D74839-3222-444D-886A-656157248CC0}.Debug|Any CPU.Build.0 = Debug|Any CPU
		{79D74839-3222-444D-886A-656157248CC0}.Release|Any CPU.ActiveCfg = Release|Any CPU
		{79D74839-3222-444D-886A-656157248CC0}.Release|Any CPU.Build.0 = Release|Any CPU
	EndGlobalSection
	GlobalSection(SolutionProperties) = preSolution
		HideSolutionNode = FALSE
	EndGlobalSection
	GlobalSection(ExtensibilityGlobals) = postSolution
		SolutionGuid = {909882E1-2FFF-4B8F-BD4A-AFE1452DB251}
	EndGlobalSection
EndGlobal
