
Microsoft Visual Studio Solution File, Format Version 12.00
# Visual Studio Version 17
VisualStudioVersion = 17.8.34525.116
MinimumVisualStudioVersion = 10.0.40219.1
Project("{FAE04EC0-301F-11D3-BF4B-00C04F79EFBC}") = "WebAppMVC", "WebAppMVC\WebAppMVC.csproj", "{E954E34A-4A55-4208-9EC0-878398FA4DEC}"
EndProject
Global
	GlobalSection(SolutionConfigurationPlatforms) = preSolution
		Debug|Any CPU = Debug|Any CPU
		Release|Any CPU = Release|Any CPU
	EndGlobalSection
	GlobalSection(ProjectConfigurationPlatforms) = postSolution
		{E954E34A-4A55-4208-9EC0-878398FA4DEC}.Debug|Any CPU.ActiveCfg = Debug|Any CPU
		{E954E34A-4A55-4208-9EC0-878398FA4DEC}.Debug|Any CPU.Build.0 = Debug|Any CPU
		{E954E34A-4A55-4208-9EC0-878398FA4DEC}.Release|Any CPU.ActiveCfg = Release|Any CPU
		{E954E34A-4A55-4208-9EC0-878398FA4DEC}.Release|Any CPU.Build.0 = Release|Any CPU
	EndGlobalSection
	GlobalSection(SolutionProperties) = preSolution
		HideSolutionNode = FALSE
	EndGlobalSection
	GlobalSection(ExtensibilityGlobals) = postSolution
		SolutionGuid = {D322171D-AEA3-402C-AA4D-39FB421F3029}
	EndGlobalSection
EndGlobal
